
Microsoft Visual Studio Solution File, Format Version 12.00
# Visual Studio Version 16
VisualStudioVersion = 16.0.30330.147
MinimumVisualStudioVersion = 10.0.40219.1
Project("{9A19103F-16F7-4668-BE54-9A1E7A4F7556}") = "lab6", "lab5\lab6.csproj", "{9AF38070-94A5-4FB0-A476-8A1CCC8F33B2}"
EndProject
Global
	GlobalSection(SolutionConfigurationPlatforms) = preSolution
		Debug|Any CPU = Debug|Any CPU
		Release|Any CPU = Release|Any CPU
	EndGlobalSection
	GlobalSection(ProjectConfigurationPlatforms) = postSolution
		{9AF38070-94A5-4FB0-A476-8A1CCC8F33B2}.Debug|Any CPU.ActiveCfg = Debug|Any CPU
		{9AF38070-94A5-4FB0-A476-8A1CCC8F33B2}.Debug|Any CPU.Build.0 = Debug|Any CPU
		{9AF38070-94A5-4FB0-A476-8A1CCC8F33B2}.Release|Any CPU.ActiveCfg = Release|Any CPU
		{9AF38070-94A5-4FB0-A476-8A1CCC8F33B2}.Release|Any CPU.Build.0 = Release|Any CPU
	EndGlobalSection
	GlobalSection(SolutionProperties) = preSolution
		HideSolutionNode = FALSE
	EndGlobalSection
	GlobalSection(ExtensibilityGlobals) = postSolution
		SolutionGuid = {F06464F3-1128-44E5-934E-1535AB189FFE}
	EndGlobalSection
EndGlobal
